// !$*UTF8*$!
{
	archiveVersion = 1;
	classes = {
	};
	objectVersion = 56;
	objects = {

/* Begin PBXBuildFile section */
		6B29FA182BE9C02800166EE2 /* CategoriesView.swift in Sources */ = {isa = PBXBuildFile; fileRef = 6B29FA172BE9C02800166EE2 /* CategoriesView.swift */; };
		6B7E00B52BEDBC2B00292841 /* CategoriesViewModel.swift in Sources */ = {isa = PBXBuildFile; fileRef = 6B7E00B42BEDBC2B00292841 /* CategoriesViewModel.swift */; };
		6B7E00B92BEDC43400292841 /* QuizStartView.swift in Sources */ = {isa = PBXBuildFile; fileRef = 6B7E00B82BEDC43400292841 /* QuizStartView.swift */; };
		6B7E00BB2BEDD47400292841 /* TestView.swift in Sources */ = {isa = PBXBuildFile; fileRef = 6B7E00BA2BEDD47400292841 /* TestView.swift */; };
		6BA2C33C2BE07509000AF6FE /* QuizSettingsView.swift in Sources */ = {isa = PBXBuildFile; fileRef = 6BA2C33B2BE07509000AF6FE /* QuizSettingsView.swift */; };
		6BA2C33E2BE0750A000AF6FE /* Assets.xcassets in Resources */ = {isa = PBXBuildFile; fileRef = 6BA2C33D2BE0750A000AF6FE /* Assets.xcassets */; };
		6BA2C3412BE0750A000AF6FE /* Preview Assets.xcassets in Resources */ = {isa = PBXBuildFile; fileRef = 6BA2C3402BE0750A000AF6FE /* Preview Assets.xcassets */; };
		6BE0456E2BE0A3A000C72002 /* QuizAPI.swift in Sources */ = {isa = PBXBuildFile; fileRef = 6BE0456D2BE0A3A000C72002 /* QuizAPI.swift */; };
		6BE045702BE0D75300C72002 /* QuizSettingsViewModel.swift in Sources */ = {isa = PBXBuildFile; fileRef = 6BE0456F2BE0D75300C72002 /* QuizSettingsViewModel.swift */; };
		CFC997332BE9C0C800F11270 /* WelcomeView.swift in Sources */ = {isa = PBXBuildFile; fileRef = CFC997322BE9C0C800F11270 /* WelcomeView.swift */; };
		CFC997352BE9C25B00F11270 /* LeaderboardView.swift in Sources */ = {isa = PBXBuildFile; fileRef = CFC997342BE9C25B00F11270 /* LeaderboardView.swift */; };
		CFC997372BE9D1D200F11270 /* LeaderboardViewModel.swift in Sources */ = {isa = PBXBuildFile; fileRef = CFC997362BE9D1D200F11270 /* LeaderboardViewModel.swift */; };
		E34A59912BF275E900EF3D89 /* QuestionView.swift in Sources */ = {isa = PBXBuildFile; fileRef = E34A59902BF275E900EF3D89 /* QuestionView.swift */; };
		E34A59932BF275FF00EF3D89 /* QuestionViewModel.swift in Sources */ = {isa = PBXBuildFile; fileRef = E34A59922BF275FF00EF3D89 /* QuestionViewModel.swift */; };
		E35591B62BEC7B9C0095E249 /* GoogleService-Info.plist in Resources */ = {isa = PBXBuildFile; fileRef = E35591B52BEC7B9C0095E249 /* GoogleService-Info.plist */; };
		E35591C02BEC83560095E249 /* AuthenticationView.swift in Sources */ = {isa = PBXBuildFile; fileRef = E35591BF2BEC83560095E249 /* AuthenticationView.swift */; };
		E35591C22BEC86530095E249 /* SignInWithEmail.swift in Sources */ = {isa = PBXBuildFile; fileRef = E35591C12BEC86530095E249 /* SignInWithEmail.swift */; };
		E35591C62BEC8EB00095E249 /* AuthenticationManager.swift in Sources */ = {isa = PBXBuildFile; fileRef = E35591C52BEC8EAF0095E249 /* AuthenticationManager.swift */; };
		E35591C82BF05F890095E249 /* RootView.swift in Sources */ = {isa = PBXBuildFile; fileRef = E35591C72BF05F890095E249 /* RootView.swift */; };
		E35591CA2BF062E10095E249 /* SettingsView.swift in Sources */ = {isa = PBXBuildFile; fileRef = E35591C92BF062E10095E249 /* SettingsView.swift */; };
		E35591D62BF08EEF0095E249 /* Utilities.swift in Sources */ = {isa = PBXBuildFile; fileRef = E35591D52BF08EEF0095E249 /* Utilities.swift */; };
		E3DF82212BF0DB23008A0888 /* QuizAppApp.swift in Sources */ = {isa = PBXBuildFile; fileRef = 6BA2C3392BE07509000AF6FE /* QuizAppApp.swift */; };
		E3DF82242BF20B3E008A0888 /* LoginView.swift in Sources */ = {isa = PBXBuildFile; fileRef = E3DF82232BF20B3D008A0888 /* LoginView.swift */; };
		E3DF82262BF20B49008A0888 /* LoginViewModel.swift in Sources */ = {isa = PBXBuildFile; fileRef = E3DF82252BF20B49008A0888 /* LoginViewModel.swift */; };
		E3DF82282BF21285008A0888 /* EntryView.swift in Sources */ = {isa = PBXBuildFile; fileRef = E3DF82272BF21284008A0888 /* EntryView.swift */; };
		E3DF822A2BF2132E008A0888 /* EntryViewModel.swift in Sources */ = {isa = PBXBuildFile; fileRef = E3DF82292BF2132E008A0888 /* EntryViewModel.swift */; };
		E3DF822C2BF21578008A0888 /* CreateAccountView.swift in Sources */ = {isa = PBXBuildFile; fileRef = E3DF822B2BF21578008A0888 /* CreateAccountView.swift */; };
		E3DF822E2BF21583008A0888 /* CreateAccountViewModel.swift in Sources */ = {isa = PBXBuildFile; fileRef = E3DF822D2BF21583008A0888 /* CreateAccountViewModel.swift */; };
/* End PBXBuildFile section */

/* Begin PBXFileReference section */
		6B29FA172BE9C02800166EE2 /* CategoriesView.swift */ = {isa = PBXFileReference; lastKnownFileType = sourcecode.swift; path = CategoriesView.swift; sourceTree = "<group>"; };
		6B7E00B42BEDBC2B00292841 /* CategoriesViewModel.swift */ = {isa = PBXFileReference; lastKnownFileType = sourcecode.swift; path = CategoriesViewModel.swift; sourceTree = "<group>"; };
		6B7E00B82BEDC43400292841 /* QuizStartView.swift */ = {isa = PBXFileReference; lastKnownFileType = sourcecode.swift; path = QuizStartView.swift; sourceTree = "<group>"; };
		6B7E00BA2BEDD47400292841 /* TestView.swift */ = {isa = PBXFileReference; lastKnownFileType = sourcecode.swift; path = TestView.swift; sourceTree = "<group>"; };
		6BA2C3362BE07509000AF6FE /* QuizApp.app */ = {isa = PBXFileReference; explicitFileType = wrapper.application; includeInIndex = 0; path = QuizApp.app; sourceTree = BUILT_PRODUCTS_DIR; };
		6BA2C3392BE07509000AF6FE /* QuizAppApp.swift */ = {isa = PBXFileReference; lastKnownFileType = sourcecode.swift; path = QuizAppApp.swift; sourceTree = "<group>"; };
		6BA2C33B2BE07509000AF6FE /* QuizSettingsView.swift */ = {isa = PBXFileReference; lastKnownFileType = sourcecode.swift; path = QuizSettingsView.swift; sourceTree = "<group>"; };
		6BA2C33D2BE0750A000AF6FE /* Assets.xcassets */ = {isa = PBXFileReference; lastKnownFileType = folder.assetcatalog; path = Assets.xcassets; sourceTree = "<group>"; };
		6BA2C3402BE0750A000AF6FE /* Preview Assets.xcassets */ = {isa = PBXFileReference; lastKnownFileType = folder.assetcatalog; path = "Preview Assets.xcassets"; sourceTree = "<group>"; };
		6BE0456D2BE0A3A000C72002 /* QuizAPI.swift */ = {isa = PBXFileReference; lastKnownFileType = sourcecode.swift; path = QuizAPI.swift; sourceTree = "<group>"; };
		6BE0456F2BE0D75300C72002 /* QuizSettingsViewModel.swift */ = {isa = PBXFileReference; lastKnownFileType = sourcecode.swift; path = QuizSettingsViewModel.swift; sourceTree = "<group>"; };
		CFC997322BE9C0C800F11270 /* WelcomeView.swift */ = {isa = PBXFileReference; lastKnownFileType = sourcecode.swift; path = WelcomeView.swift; sourceTree = "<group>"; };
		CFC997342BE9C25B00F11270 /* LeaderboardView.swift */ = {isa = PBXFileReference; lastKnownFileType = sourcecode.swift; path = LeaderboardView.swift; sourceTree = "<group>"; };
		CFC997362BE9D1D200F11270 /* LeaderboardViewModel.swift */ = {isa = PBXFileReference; lastKnownFileType = sourcecode.swift; path = LeaderboardViewModel.swift; sourceTree = "<group>"; };
		E34A59902BF275E900EF3D89 /* QuestionView.swift */ = {isa = PBXFileReference; lastKnownFileType = sourcecode.swift; path = QuestionView.swift; sourceTree = "<group>"; };
		E34A59922BF275FF00EF3D89 /* QuestionViewModel.swift */ = {isa = PBXFileReference; lastKnownFileType = sourcecode.swift; path = QuestionViewModel.swift; sourceTree = "<group>"; };
		E35591B52BEC7B9C0095E249 /* GoogleService-Info.plist */ = {isa = PBXFileReference; fileEncoding = 4; lastKnownFileType = text.plist.xml; path = "GoogleService-Info.plist"; sourceTree = "<group>"; };
		E35591BF2BEC83560095E249 /* AuthenticationView.swift */ = {isa = PBXFileReference; lastKnownFileType = sourcecode.swift; path = AuthenticationView.swift; sourceTree = "<group>"; };
		E35591C12BEC86530095E249 /* SignInWithEmail.swift */ = {isa = PBXFileReference; lastKnownFileType = sourcecode.swift; path = SignInWithEmail.swift; sourceTree = "<group>"; };
		E35591C52BEC8EAF0095E249 /* AuthenticationManager.swift */ = {isa = PBXFileReference; lastKnownFileType = sourcecode.swift; path = AuthenticationManager.swift; sourceTree = "<group>"; };
		E35591C72BF05F890095E249 /* RootView.swift */ = {isa = PBXFileReference; lastKnownFileType = sourcecode.swift; path = RootView.swift; sourceTree = "<group>"; };
		E35591C92BF062E10095E249 /* SettingsView.swift */ = {isa = PBXFileReference; lastKnownFileType = sourcecode.swift; path = SettingsView.swift; sourceTree = "<group>"; };
		E35591D12BF08A980095E249 /* Info.plist */ = {isa = PBXFileReference; fileEncoding = 4; lastKnownFileType = text.plist.xml; path = Info.plist; sourceTree = "<group>"; };
		E35591D52BF08EEF0095E249 /* Utilities.swift */ = {isa = PBXFileReference; lastKnownFileType = sourcecode.swift; path = Utilities.swift; sourceTree = "<group>"; };
		E3DF82232BF20B3D008A0888 /* LoginView.swift */ = {isa = PBXFileReference; lastKnownFileType = sourcecode.swift; path = LoginView.swift; sourceTree = "<group>"; };
		E3DF82252BF20B49008A0888 /* LoginViewModel.swift */ = {isa = PBXFileReference; lastKnownFileType = sourcecode.swift; path = LoginViewModel.swift; sourceTree = "<group>"; };
		E3DF82272BF21284008A0888 /* EntryView.swift */ = {isa = PBXFileReference; lastKnownFileType = sourcecode.swift; path = EntryView.swift; sourceTree = "<group>"; };
		E3DF82292BF2132E008A0888 /* EntryViewModel.swift */ = {isa = PBXFileReference; lastKnownFileType = sourcecode.swift; path = EntryViewModel.swift; sourceTree = "<group>"; };
		E3DF822B2BF21578008A0888 /* CreateAccountView.swift */ = {isa = PBXFileReference; lastKnownFileType = sourcecode.swift; path = CreateAccountView.swift; sourceTree = "<group>"; };
		E3DF822D2BF21583008A0888 /* CreateAccountViewModel.swift */ = {isa = PBXFileReference; lastKnownFileType = sourcecode.swift; path = CreateAccountViewModel.swift; sourceTree = "<group>"; };
/* End PBXFileReference section */

/* Begin PBXFrameworksBuildPhase section */
		6BA2C3332BE07509000AF6FE /* Frameworks */ = {
			isa = PBXFrameworksBuildPhase;
			buildActionMask = 2147483647;
			files = (
			);
			runOnlyForDeploymentPostprocessing = 0;
		};
/* End PBXFrameworksBuildPhase section */

/* Begin PBXGroup section */
		6BA2C32D2BE07509000AF6FE = {
			isa = PBXGroup;
			children = (
				6BE0456D2BE0A3A000C72002 /* QuizAPI.swift */,
				6BA2C3382BE07509000AF6FE /* QuizApp */,
				6BA2C3372BE07509000AF6FE /* Products */,
				E35591BC2BEC82C10095E249 /* Frameworks */,
			);
			sourceTree = "<group>";
		};
		6BA2C3372BE07509000AF6FE /* Products */ = {
			isa = PBXGroup;
			children = (
				6BA2C3362BE07509000AF6FE /* QuizApp.app */,
			);
			name = Products;
			sourceTree = "<group>";
		};
		6BA2C3382BE07509000AF6FE /* QuizApp */ = {
			isa = PBXGroup;
			children = (
				E35591D12BF08A980095E249 /* Info.plist */,
				E3DF82222BF20A40008A0888 /* FireBase Code */,
				E35591D42BF08EC20095E249 /* Utility */,
				6BA2C3392BE07509000AF6FE /* QuizAppApp.swift */,
				E3DF82272BF21284008A0888 /* EntryView.swift */,
				E3DF82292BF2132E008A0888 /* EntryViewModel.swift */,
				E3DF822B2BF21578008A0888 /* CreateAccountView.swift */,
				E3DF822D2BF21583008A0888 /* CreateAccountViewModel.swift */,
				E3DF82232BF20B3D008A0888 /* LoginView.swift */,
				E3DF82252BF20B49008A0888 /* LoginViewModel.swift */,
				CFC997322BE9C0C800F11270 /* WelcomeView.swift */,
				6BA2C33B2BE07509000AF6FE /* QuizSettingsView.swift */,
				6BE0456F2BE0D75300C72002 /* QuizSettingsViewModel.swift */,
				6B29FA172BE9C02800166EE2 /* CategoriesView.swift */,
				6B7E00B42BEDBC2B00292841 /* CategoriesViewModel.swift */,
				6B7E00B82BEDC43400292841 /* QuizStartView.swift */,
				E34A59902BF275E900EF3D89 /* QuestionView.swift */,
				E34A59922BF275FF00EF3D89 /* QuestionViewModel.swift */,
				CFC997342BE9C25B00F11270 /* LeaderboardView.swift */,
				CFC997362BE9D1D200F11270 /* LeaderboardViewModel.swift */,
				6B7E00BA2BEDD47400292841 /* TestView.swift */,
				E35591B52BEC7B9C0095E249 /* GoogleService-Info.plist */,
				6BA2C33D2BE0750A000AF6FE /* Assets.xcassets */,
				6BA2C33F2BE0750A000AF6FE /* Preview Content */,
			);
			path = QuizApp;
			sourceTree = "<group>";
		};
		6BA2C33F2BE0750A000AF6FE /* Preview Content */ = {
			isa = PBXGroup;
			children = (
				6BA2C3402BE0750A000AF6FE /* Preview Assets.xcassets */,
			);
			path = "Preview Content";
			sourceTree = "<group>";
		};
		E35591BC2BEC82C10095E249 /* Frameworks */ = {
			isa = PBXGroup;
			children = (
			);
			name = Frameworks;
			sourceTree = "<group>";
		};
		E35591D42BF08EC20095E249 /* Utility */ = {
			isa = PBXGroup;
			children = (
				E35591D52BF08EEF0095E249 /* Utilities.swift */,
			);
			path = Utility;
			sourceTree = "<group>";
		};
		E3DF82222BF20A40008A0888 /* FireBase Code */ = {
			isa = PBXGroup;
			children = (
				E35591C72BF05F890095E249 /* RootView.swift */,
				E35591C92BF062E10095E249 /* SettingsView.swift */,
				E35591BF2BEC83560095E249 /* AuthenticationView.swift */,
				E35591C12BEC86530095E249 /* SignInWithEmail.swift */,
				E35591C52BEC8EAF0095E249 /* AuthenticationManager.swift */,
			);
			path = "FireBase Code";
			sourceTree = "<group>";
		};
/* End PBXGroup section */

/* Begin PBXNativeTarget section */
		6BA2C3352BE07509000AF6FE /* QuizApp */ = {
			isa = PBXNativeTarget;
			buildConfigurationList = 6BA2C3442BE0750A000AF6FE /* Build configuration list for PBXNativeTarget "QuizApp" */;
			buildPhases = (
				6BA2C3322BE07509000AF6FE /* Sources */,
				6BA2C3332BE07509000AF6FE /* Frameworks */,
				6BA2C3342BE07509000AF6FE /* Resources */,
			);
			buildRules = (
			);
			dependencies = (
			);
			name = QuizApp;
			packageProductDependencies = (
			);
			productName = QuizApp;
			productReference = 6BA2C3362BE07509000AF6FE /* QuizApp.app */;
			productType = "com.apple.product-type.application";
		};
/* End PBXNativeTarget section */

/* Begin PBXProject section */
		6BA2C32E2BE07509000AF6FE /* Project object */ = {
			isa = PBXProject;
			attributes = {
				BuildIndependentTargetsInParallel = 1;
				LastSwiftUpdateCheck = 1520;
				LastUpgradeCheck = 1520;
				TargetAttributes = {
					6BA2C3352BE07509000AF6FE = {
						CreatedOnToolsVersion = 15.2;
					};
				};
			};
			buildConfigurationList = 6BA2C3312BE07509000AF6FE /* Build configuration list for PBXProject "QuizApp" */;
			compatibilityVersion = "Xcode 14.0";
			developmentRegion = en;
			hasScannedForEncodings = 0;
			knownRegions = (
				en,
				Base,
			);
			mainGroup = 6BA2C32D2BE07509000AF6FE;
			packageReferences = (
				6B834A672BF0C9DF0068E120 /* XCRemoteSwiftPackageReference "firebase-ios-sdk" */,
				6B834A9E2BF0C9FC0068E120 /* XCRemoteSwiftPackageReference "GoogleSignIn-iOS" */,
			);
			productRefGroup = 6BA2C3372BE07509000AF6FE /* Products */;
			projectDirPath = "";
			projectRoot = "";
			targets = (
				6BA2C3352BE07509000AF6FE /* QuizApp */,
			);
		};
/* End PBXProject section */

/* Begin PBXResourcesBuildPhase section */
		6BA2C3342BE07509000AF6FE /* Resources */ = {
			isa = PBXResourcesBuildPhase;
			buildActionMask = 2147483647;
			files = (
				6BA2C3412BE0750A000AF6FE /* Preview Assets.xcassets in Resources */,
				6BA2C33E2BE0750A000AF6FE /* Assets.xcassets in Resources */,
				E35591B62BEC7B9C0095E249 /* GoogleService-Info.plist in Resources */,
			);
			runOnlyForDeploymentPostprocessing = 0;
		};
/* End PBXResourcesBuildPhase section */

/* Begin PBXSourcesBuildPhase section */
		6BA2C3322BE07509000AF6FE /* Sources */ = {
			isa = PBXSourcesBuildPhase;
			buildActionMask = 2147483647;
			files = (
				E3DF822C2BF21578008A0888 /* CreateAccountView.swift in Sources */,
				E3DF82212BF0DB23008A0888 /* QuizAppApp.swift in Sources */,
				CFC997332BE9C0C800F11270 /* WelcomeView.swift in Sources */,
				6BE045702BE0D75300C72002 /* QuizSettingsViewModel.swift in Sources */,
				E3DF822A2BF2132E008A0888 /* EntryViewModel.swift in Sources */,
				6BA2C33C2BE07509000AF6FE /* QuizSettingsView.swift in Sources */,
				6B7E00B52BEDBC2B00292841 /* CategoriesViewModel.swift in Sources */,
				E34A59932BF275FF00EF3D89 /* QuestionViewModel.swift in Sources */,
				E35591C62BEC8EB00095E249 /* AuthenticationManager.swift in Sources */,
				E35591D62BF08EEF0095E249 /* Utilities.swift in Sources */,
				E3DF82282BF21285008A0888 /* EntryView.swift in Sources */,
				6BE0456E2BE0A3A000C72002 /* QuizAPI.swift in Sources */,
				CFC997372BE9D1D200F11270 /* LeaderboardViewModel.swift in Sources */,
				E35591C22BEC86530095E249 /* SignInWithEmail.swift in Sources */,
				CFC997352BE9C25B00F11270 /* LeaderboardView.swift in Sources */,
				6B7E00BB2BEDD47400292841 /* TestView.swift in Sources */,
				E3DF82242BF20B3E008A0888 /* LoginView.swift in Sources */,
				E34A59912BF275E900EF3D89 /* QuestionView.swift in Sources */,
				6B29FA182BE9C02800166EE2 /* CategoriesView.swift in Sources */,
				6B7E00B92BEDC43400292841 /* QuizStartView.swift in Sources */,
				E35591C02BEC83560095E249 /* AuthenticationView.swift in Sources */,
				E35591CA2BF062E10095E249 /* SettingsView.swift in Sources */,
				E3DF822E2BF21583008A0888 /* CreateAccountViewModel.swift in Sources */,
				E3DF82262BF20B49008A0888 /* LoginViewModel.swift in Sources */,
				E35591C82BF05F890095E249 /* RootView.swift in Sources */,
			);
			runOnlyForDeploymentPostprocessing = 0;
		};
/* End PBXSourcesBuildPhase section */

/* Begin XCBuildConfiguration section */
		6BA2C3422BE0750A000AF6FE /* Debug */ = {
			isa = XCBuildConfiguration;
			buildSettings = {
				ALWAYS_SEARCH_USER_PATHS = NO;
				ASSETCATALOG_COMPILER_GENERATE_SWIFT_ASSET_SYMBOL_EXTENSIONS = YES;
				CLANG_ANALYZER_NONNULL = YES;
				CLANG_ANALYZER_NUMBER_OBJECT_CONVERSION = YES_AGGRESSIVE;
				CLANG_CXX_LANGUAGE_STANDARD = "gnu++20";
				CLANG_ENABLE_MODULES = YES;
				CLANG_ENABLE_OBJC_ARC = YES;
				CLANG_ENABLE_OBJC_WEAK = YES;
				CLANG_WARN_BLOCK_CAPTURE_AUTORELEASING = YES;
				CLANG_WARN_BOOL_CONVERSION = YES;
				CLANG_WARN_COMMA = YES;
				CLANG_WARN_CONSTANT_CONVERSION = YES;
				CLANG_WARN_DEPRECATED_OBJC_IMPLEMENTATIONS = YES;
				CLANG_WARN_DIRECT_OBJC_ISA_USAGE = YES_ERROR;
				CLANG_WARN_DOCUMENTATION_COMMENTS = YES;
				CLANG_WARN_EMPTY_BODY = YES;
				CLANG_WARN_ENUM_CONVERSION = YES;
				CLANG_WARN_INFINITE_RECURSION = YES;
				CLANG_WARN_INT_CONVERSION = YES;
				CLANG_WARN_NON_LITERAL_NULL_CONVERSION = YES;
				CLANG_WARN_OBJC_IMPLICIT_RETAIN_SELF = YES;
				CLANG_WARN_OBJC_LITERAL_CONVERSION = YES;
				CLANG_WARN_OBJC_ROOT_CLASS = YES_ERROR;
				CLANG_WARN_QUOTED_INCLUDE_IN_FRAMEWORK_HEADER = YES;
				CLANG_WARN_RANGE_LOOP_ANALYSIS = YES;
				CLANG_WARN_STRICT_PROTOTYPES = YES;
				CLANG_WARN_SUSPICIOUS_MOVE = YES;
				CLANG_WARN_UNGUARDED_AVAILABILITY = YES_AGGRESSIVE;
				CLANG_WARN_UNREACHABLE_CODE = YES;
				CLANG_WARN__DUPLICATE_METHOD_MATCH = YES;
				COPY_PHASE_STRIP = NO;
				DEBUG_INFORMATION_FORMAT = dwarf;
				ENABLE_STRICT_OBJC_MSGSEND = YES;
				ENABLE_TESTABILITY = YES;
				ENABLE_USER_SCRIPT_SANDBOXING = YES;
				GCC_C_LANGUAGE_STANDARD = gnu17;
				GCC_DYNAMIC_NO_PIC = NO;
				GCC_NO_COMMON_BLOCKS = YES;
				GCC_OPTIMIZATION_LEVEL = 0;
				GCC_PREPROCESSOR_DEFINITIONS = (
					"DEBUG=1",
					"$(inherited)",
				);
				GCC_WARN_64_TO_32_BIT_CONVERSION = YES;
				GCC_WARN_ABOUT_RETURN_TYPE = YES_ERROR;
				GCC_WARN_UNDECLARED_SELECTOR = YES;
				GCC_WARN_UNINITIALIZED_AUTOS = YES_AGGRESSIVE;
				GCC_WARN_UNUSED_FUNCTION = YES;
				GCC_WARN_UNUSED_VARIABLE = YES;
				IPHONEOS_DEPLOYMENT_TARGET = 17.2;
				LOCALIZATION_PREFERS_STRING_CATALOGS = YES;
				MTL_ENABLE_DEBUG_INFO = INCLUDE_SOURCE;
				MTL_FAST_MATH = YES;
				ONLY_ACTIVE_ARCH = YES;
				SDKROOT = iphoneos;
				SWIFT_ACTIVE_COMPILATION_CONDITIONS = "DEBUG $(inherited)";
				SWIFT_OPTIMIZATION_LEVEL = "-Onone";
			};
			name = Debug;
		};
		6BA2C3432BE0750A000AF6FE /* Release */ = {
			isa = XCBuildConfiguration;
			buildSettings = {
				ALWAYS_SEARCH_USER_PATHS = NO;
				ASSETCATALOG_COMPILER_GENERATE_SWIFT_ASSET_SYMBOL_EXTENSIONS = YES;
				CLANG_ANALYZER_NONNULL = YES;
				CLANG_ANALYZER_NUMBER_OBJECT_CONVERSION = YES_AGGRESSIVE;
				CLANG_CXX_LANGUAGE_STANDARD = "gnu++20";
				CLANG_ENABLE_MODULES = YES;
				CLANG_ENABLE_OBJC_ARC = YES;
				CLANG_ENABLE_OBJC_WEAK = YES;
				CLANG_WARN_BLOCK_CAPTURE_AUTORELEASING = YES;
				CLANG_WARN_BOOL_CONVERSION = YES;
				CLANG_WARN_COMMA = YES;
				CLANG_WARN_CONSTANT_CONVERSION = YES;
				CLANG_WARN_DEPRECATED_OBJC_IMPLEMENTATIONS = YES;
				CLANG_WARN_DIRECT_OBJC_ISA_USAGE = YES_ERROR;
				CLANG_WARN_DOCUMENTATION_COMMENTS = YES;
				CLANG_WARN_EMPTY_BODY = YES;
				CLANG_WARN_ENUM_CONVERSION = YES;
				CLANG_WARN_INFINITE_RECURSION = YES;
				CLANG_WARN_INT_CONVERSION = YES;
				CLANG_WARN_NON_LITERAL_NULL_CONVERSION = YES;
				CLANG_WARN_OBJC_IMPLICIT_RETAIN_SELF = YES;
				CLANG_WARN_OBJC_LITERAL_CONVERSION = YES;
				CLANG_WARN_OBJC_ROOT_CLASS = YES_ERROR;
				CLANG_WARN_QUOTED_INCLUDE_IN_FRAMEWORK_HEADER = YES;
				CLANG_WARN_RANGE_LOOP_ANALYSIS = YES;
				CLANG_WARN_STRICT_PROTOTYPES = YES;
				CLANG_WARN_SUSPICIOUS_MOVE = YES;
				CLANG_WARN_UNGUARDED_AVAILABILITY = YES_AGGRESSIVE;
				CLANG_WARN_UNREACHABLE_CODE = YES;
				CLANG_WARN__DUPLICATE_METHOD_MATCH = YES;
				COPY_PHASE_STRIP = NO;
				DEBUG_INFORMATION_FORMAT = "dwarf-with-dsym";
				ENABLE_NS_ASSERTIONS = NO;
				ENABLE_STRICT_OBJC_MSGSEND = YES;
				ENABLE_USER_SCRIPT_SANDBOXING = YES;
				GCC_C_LANGUAGE_STANDARD = gnu17;
				GCC_NO_COMMON_BLOCKS = YES;
				GCC_WARN_64_TO_32_BIT_CONVERSION = YES;
				GCC_WARN_ABOUT_RETURN_TYPE = YES_ERROR;
				GCC_WARN_UNDECLARED_SELECTOR = YES;
				GCC_WARN_UNINITIALIZED_AUTOS = YES_AGGRESSIVE;
				GCC_WARN_UNUSED_FUNCTION = YES;
				GCC_WARN_UNUSED_VARIABLE = YES;
				IPHONEOS_DEPLOYMENT_TARGET = 17.2;
				LOCALIZATION_PREFERS_STRING_CATALOGS = YES;
				MTL_ENABLE_DEBUG_INFO = NO;
				MTL_FAST_MATH = YES;
				SDKROOT = iphoneos;
				SWIFT_COMPILATION_MODE = wholemodule;
				VALIDATE_PRODUCT = YES;
			};
			name = Release;
		};
		6BA2C3452BE0750A000AF6FE /* Debug */ = {
			isa = XCBuildConfiguration;
			buildSettings = {
				ASSETCATALOG_COMPILER_APPICON_NAME = AppIcon;
				ASSETCATALOG_COMPILER_GLOBAL_ACCENT_COLOR_NAME = AccentColor;
				CODE_SIGN_STYLE = Automatic;
				CURRENT_PROJECT_VERSION = 1;
				DEVELOPMENT_ASSET_PATHS = "\"QuizApp/Preview Content\"";
				ENABLE_PREVIEWS = YES;
				GENERATE_INFOPLIST_FILE = YES;
				INFOPLIST_FILE = QuizApp/Info.plist;
				INFOPLIST_KEY_UIApplicationSceneManifest_Generation = YES;
				INFOPLIST_KEY_UIApplicationSupportsIndirectInputEvents = YES;
				INFOPLIST_KEY_UILaunchScreen_Generation = YES;
				INFOPLIST_KEY_UISupportedInterfaceOrientations_iPad = "UIInterfaceOrientationPortrait UIInterfaceOrientationPortraitUpsideDown UIInterfaceOrientationLandscapeLeft UIInterfaceOrientationLandscapeRight";
				INFOPLIST_KEY_UISupportedInterfaceOrientations_iPhone = "UIInterfaceOrientationPortrait UIInterfaceOrientationLandscapeLeft UIInterfaceOrientationLandscapeRight";
				LD_RUNPATH_SEARCH_PATHS = (
					"$(inherited)",
					"@executable_path/Frameworks",
				);
				MARKETING_VERSION = 1.0;
				PRODUCT_BUNDLE_IDENTIFIER = uts.ios.QuizApp;
				PRODUCT_NAME = "$(TARGET_NAME)";
				SWIFT_EMIT_LOC_STRINGS = YES;
				SWIFT_VERSION = 5.0;
				TARGETED_DEVICE_FAMILY = "1,2";
			};
			name = Debug;
		};
		6BA2C3462BE0750A000AF6FE /* Release */ = {
			isa = XCBuildConfiguration;
			buildSettings = {
				ASSETCATALOG_COMPILER_APPICON_NAME = AppIcon;
				ASSETCATALOG_COMPILER_GLOBAL_ACCENT_COLOR_NAME = AccentColor;
				CODE_SIGN_STYLE = Automatic;
				CURRENT_PROJECT_VERSION = 1;
				DEVELOPMENT_ASSET_PATHS = "\"QuizApp/Preview Content\"";
				ENABLE_PREVIEWS = YES;
				GENERATE_INFOPLIST_FILE = YES;
				INFOPLIST_FILE = QuizApp/Info.plist;
				INFOPLIST_KEY_UIApplicationSceneManifest_Generation = YES;
				INFOPLIST_KEY_UIApplicationSupportsIndirectInputEvents = YES;
				INFOPLIST_KEY_UILaunchScreen_Generation = YES;
				INFOPLIST_KEY_UISupportedInterfaceOrientations_iPad = "UIInterfaceOrientationPortrait UIInterfaceOrientationPortraitUpsideDown UIInterfaceOrientationLandscapeLeft UIInterfaceOrientationLandscapeRight";
				INFOPLIST_KEY_UISupportedInterfaceOrientations_iPhone = "UIInterfaceOrientationPortrait UIInterfaceOrientationLandscapeLeft UIInterfaceOrientationLandscapeRight";
				LD_RUNPATH_SEARCH_PATHS = (
					"$(inherited)",
					"@executable_path/Frameworks",
				);
				MARKETING_VERSION = 1.0;
				PRODUCT_BUNDLE_IDENTIFIER = uts.ios.QuizApp;
				PRODUCT_NAME = "$(TARGET_NAME)";
				SWIFT_EMIT_LOC_STRINGS = YES;
				SWIFT_VERSION = 5.0;
				TARGETED_DEVICE_FAMILY = "1,2";
			};
			name = Release;
		};
/* End XCBuildConfiguration section */

/* Begin XCConfigurationList section */
		6BA2C3312BE07509000AF6FE /* Build configuration list for PBXProject "QuizApp" */ = {
			isa = XCConfigurationList;
			buildConfigurations = (
				6BA2C3422BE0750A000AF6FE /* Debug */,
				6BA2C3432BE0750A000AF6FE /* Release */,
			);
			defaultConfigurationIsVisible = 0;
			defaultConfigurationName = Release;
		};
		6BA2C3442BE0750A000AF6FE /* Build configuration list for PBXNativeTarget "QuizApp" */ = {
			isa = XCConfigurationList;
			buildConfigurations = (
				6BA2C3452BE0750A000AF6FE /* Debug */,
				6BA2C3462BE0750A000AF6FE /* Release */,
			);
			defaultConfigurationIsVisible = 0;
			defaultConfigurationName = Release;
		};
/* End XCConfigurationList section */

/* Begin XCRemoteSwiftPackageReference section */
		6B834A672BF0C9DF0068E120 /* XCRemoteSwiftPackageReference "firebase-ios-sdk" */ = {
			isa = XCRemoteSwiftPackageReference;
			repositoryURL = "https://github.com/firebase/firebase-ios-sdk.git";
			requirement = {
				kind = upToNextMajorVersion;
				minimumVersion = 10.25.0;
			};
		};
		6B834A9E2BF0C9FC0068E120 /* XCRemoteSwiftPackageReference "GoogleSignIn-iOS" */ = {
			isa = XCRemoteSwiftPackageReference;
			repositoryURL = "https://github.com/google/GoogleSignIn-iOS.git";
			requirement = {
				kind = upToNextMajorVersion;
				minimumVersion = 7.1.0;
			};
		};
/* End XCRemoteSwiftPackageReference section */
	};
	rootObject = 6BA2C32E2BE07509000AF6FE /* Project object */;
}
